
Microsoft Visual Studio Solution File, Format Version 12.00
# Visual Studio Version 17
VisualStudioVersion = 17.4.33213.308
MinimumVisualStudioVersion = 10.0.40219.1
Project("{FAE04EC0-301F-11D3-BF4B-00C04F79EFBC}") = "WebApplication17", "WebApplication17\WebApplication17.csproj", "{EB5F4150-15B2-4641-B37A-44C4E349DFFB}"
EndProject
Global
	GlobalSection(SolutionConfigurationPlatforms) = preSolution
		Debug|Any CPU = Debug|Any CPU
		Release|Any CPU = Release|Any CPU
	EndGlobalSection
	GlobalSection(ProjectConfigurationPlatforms) = postSolution
		{EB5F4150-15B2-4641-B37A-44C4E349DFFB}.Debug|Any CPU.ActiveCfg = Debug|Any CPU
		{EB5F4150-15B2-4641-B37A-44C4E349DFFB}.Debug|Any CPU.Build.0 = Debug|Any CPU
		{EB5F4150-15B2-4641-B37A-44C4E349DFFB}.Release|Any CPU.ActiveCfg = Release|Any CPU
		{EB5F4150-15B2-4641-B37A-44C4E349DFFB}.Release|Any CPU.Build.0 = Release|Any CPU
	EndGlobalSection
	GlobalSection(SolutionProperties) = preSolution
		HideSolutionNode = FALSE
	EndGlobalSection
	GlobalSection(ExtensibilityGlobals) = postSolution
		SolutionGuid = {302FBB9B-F67F-48B7-94E5-8D681ED4F677}
	EndGlobalSection
EndGlobal
