
Microsoft Visual Studio Solution File, Format Version 12.00
# Visual Studio Version 17
VisualStudioVersion = 17.4.33213.308
MinimumVisualStudioVersion = 10.0.40219.1
Project("{FAE04EC0-301F-11D3-BF4B-00C04F79EFBC}") = "WebApplication17", "WebApplication17\WebApplication17.csproj", "{EB5F4150-15B2-4641-B37A-44C4E349DFFB}"
EndProject
Project("{9A19103F-16F7-4668-BE54-9A1E7A4F7556}") = "BlazorAppFacturas", "BlazorAppFacturas\BlazorAppFacturas.csproj", "{B986C684-9622-4581-B180-0E6430C92633}"
EndProject
Project("{9A19103F-16F7-4668-BE54-9A1E7A4F7556}") = "ReverseProxyYarp", "ReverseProxyYarp\ReverseProxyYarp.csproj", "{22A005B1-A51B-40B3-AF5B-BE72044FC394}"
EndProject
Global
	GlobalSection(SolutionConfigurationPlatforms) = preSolution
		Debug|Any CPU = Debug|Any CPU
		Release|Any CPU = Release|Any CPU
	EndGlobalSection
	GlobalSection(ProjectConfigurationPlatforms) = postSolution
		{EB5F4150-15B2-4641-B37A-44C4E349DFFB}.Debug|Any CPU.ActiveCfg = Debug|Any CPU
		{EB5F4150-15B2-4641-B37A-44C4E349DFFB}.Debug|Any CPU.Build.0 = Debug|Any CPU
		{EB5F4150-15B2-4641-B37A-44C4E349DFFB}.Release|Any CPU.ActiveCfg = Release|Any CPU
		{EB5F4150-15B2-4641-B37A-44C4E349DFFB}.Release|Any CPU.Build.0 = Release|Any CPU
		{B986C684-9622-4581-B180-0E6430C92633}.Debug|Any CPU.ActiveCfg = Debug|Any CPU
		{B986C684-9622-4581-B180-0E6430C92633}.Debug|Any CPU.Build.0 = Debug|Any CPU
		{B986C684-9622-4581-B180-0E6430C92633}.Release|Any CPU.ActiveCfg = Release|Any CPU
		{B986C684-9622-4581-B180-0E6430C92633}.Release|Any CPU.Build.0 = Release|Any CPU
		{22A005B1-A51B-40B3-AF5B-BE72044FC394}.Debug|Any CPU.ActiveCfg = Debug|Any CPU
		{22A005B1-A51B-40B3-AF5B-BE72044FC394}.Debug|Any CPU.Build.0 = Debug|Any CPU
		{22A005B1-A51B-40B3-AF5B-BE72044FC394}.Release|Any CPU.ActiveCfg = Release|Any CPU
		{22A005B1-A51B-40B3-AF5B-BE72044FC394}.Release|Any CPU.Build.0 = Release|Any CPU
	EndGlobalSection
	GlobalSection(SolutionProperties) = preSolution
		HideSolutionNode = FALSE
	EndGlobalSection
	GlobalSection(ExtensibilityGlobals) = postSolution
		SolutionGuid = {302FBB9B-F67F-48B7-94E5-8D681ED4F677}
	EndGlobalSection
EndGlobal
